
Microsoft Visual Studio Solution File, Format Version 12.00
# Visual Studio 15
VisualStudioVersion = 15.0.28307.438
MinimumVisualStudioVersion = 10.0.40219.1
Project("{FAE04EC0-301F-11D3-BF4B-00C04F79EFBC}") = "VsadilNestihl", "VsadilNestihl.csproj", "{AEA7E743-F2F7-4642-8E65-5BF9A91161CF}"
EndProject
Global
	GlobalSection(SolutionConfigurationPlatforms) = preSolution
		Debug|Any CPU = Debug|Any CPU
		Release|Any CPU = Release|Any CPU
	EndGlobalSection
	GlobalSection(ProjectConfigurationPlatforms) = postSolution
		{AEA7E743-F2F7-4642-8E65-5BF9A91161CF}.Debug|Any CPU.ActiveCfg = Debug|Any CPU
		{AEA7E743-F2F7-4642-8E65-5BF9A91161CF}.Debug|Any CPU.Build.0 = Debug|Any CPU
		{AEA7E743-F2F7-4642-8E65-5BF9A91161CF}.Release|Any CPU.ActiveCfg = Release|Any CPU
		{AEA7E743-F2F7-4642-8E65-5BF9A91161CF}.Release|Any CPU.Build.0 = Release|Any CPU
	EndGlobalSection
	GlobalSection(SolutionProperties) = preSolution
		HideSolutionNode = FALSE
	EndGlobalSection
	GlobalSection(ExtensibilityGlobals) = postSolution
		SolutionGuid = {F4662152-DFCE-4A8D-AE3E-77CAB43A23EA}
	EndGlobalSection
EndGlobal
